
Microsoft Visual Studio Solution File, Format Version 12.00
# Visual Studio Version 16
VisualStudioVersion = 16.0.31702.278
MinimumVisualStudioVersion = 10.0.40219.1
Project("{FAE04EC0-301F-11D3-BF4B-00C04F79EFBC}") = "net_task5_8", "net_task5_8\net_task5_8.csproj", "{108D54BF-63AF-4761-90D9-9B28FAFAE7A2}"
EndProject
Global
	GlobalSection(SolutionConfigurationPlatforms) = preSolution
		Debug|Any CPU = Debug|Any CPU
		Release|Any CPU = Release|Any CPU
	EndGlobalSection
	GlobalSection(ProjectConfigurationPlatforms) = postSolution
		{108D54BF-63AF-4761-90D9-9B28FAFAE7A2}.Debug|Any CPU.ActiveCfg = Debug|Any CPU
		{108D54BF-63AF-4761-90D9-9B28FAFAE7A2}.Debug|Any CPU.Build.0 = Debug|Any CPU
		{108D54BF-63AF-4761-90D9-9B28FAFAE7A2}.Release|Any CPU.ActiveCfg = Release|Any CPU
		{108D54BF-63AF-4761-90D9-9B28FAFAE7A2}.Release|Any CPU.Build.0 = Release|Any CPU
	EndGlobalSection
	GlobalSection(SolutionProperties) = preSolution
		HideSolutionNode = FALSE
	EndGlobalSection
	GlobalSection(ExtensibilityGlobals) = postSolution
		SolutionGuid = {FD84939D-57E9-4C76-8569-82C5B1627AA2}
	EndGlobalSection
EndGlobal
